
Microsoft Visual Studio Solution File, Format Version 12.00
# Visual Studio Version 17
VisualStudioVersion = 17.8.34525.116
MinimumVisualStudioVersion = 10.0.40219.1
Project("{FAE04EC0-301F-11D3-BF4B-00C04F79EFBC}") = "be-3-g-2", "be-3-g-2\be-3-g-2.csproj", "{87DB3729-9197-4186-9A77-8C70174D7267}"
EndProject
Global
	GlobalSection(SolutionConfigurationPlatforms) = preSolution
		Debug|Any CPU = Debug|Any CPU
		Release|Any CPU = Release|Any CPU
	EndGlobalSection
	GlobalSection(ProjectConfigurationPlatforms) = postSolution
		{87DB3729-9197-4186-9A77-8C70174D7267}.Debug|Any CPU.ActiveCfg = Debug|Any CPU
		{87DB3729-9197-4186-9A77-8C70174D7267}.Debug|Any CPU.Build.0 = Debug|Any CPU
		{87DB3729-9197-4186-9A77-8C70174D7267}.Release|Any CPU.ActiveCfg = Release|Any CPU
		{87DB3729-9197-4186-9A77-8C70174D7267}.Release|Any CPU.Build.0 = Release|Any CPU
	EndGlobalSection
	GlobalSection(SolutionProperties) = preSolution
		HideSolutionNode = FALSE
	EndGlobalSection
	GlobalSection(ExtensibilityGlobals) = postSolution
		SolutionGuid = {F2CCC93B-1AE0-436C-AACD-2860E88C9758}
	EndGlobalSection
EndGlobal
